
Microsoft Visual Studio Solution File, Format Version 12.00
# Visual Studio Version 16
VisualStudioVersion = 16.0.30804.86
MinimumVisualStudioVersion = 10.0.40219.1
Project("{9A19103F-16F7-4668-BE54-9A1E7A4F7556}") = "Vraag Array", "H8\Vraag Array.csproj", "{B2FFF605-B4DF-4963-944C-2C004487DF0C}"
EndProject
Project("{FAE04EC0-301F-11D3-BF4B-00C04F79EFBC}") = "Caesar-encryptie", "Caesar-encryptie\Caesar-encryptie.csproj", "{961A0333-0CB0-4798-AF4E-C060CED59548}"
EndProject
Global
	GlobalSection(SolutionConfigurationPlatforms) = preSolution
		Debug|Any CPU = Debug|Any CPU
		Release|Any CPU = Release|Any CPU
	EndGlobalSection
	GlobalSection(ProjectConfigurationPlatforms) = postSolution
		{B2FFF605-B4DF-4963-944C-2C004487DF0C}.Debug|Any CPU.ActiveCfg = Debug|Any CPU
		{B2FFF605-B4DF-4963-944C-2C004487DF0C}.Debug|Any CPU.Build.0 = Debug|Any CPU
		{B2FFF605-B4DF-4963-944C-2C004487DF0C}.Release|Any CPU.ActiveCfg = Release|Any CPU
		{B2FFF605-B4DF-4963-944C-2C004487DF0C}.Release|Any CPU.Build.0 = Release|Any CPU
		{961A0333-0CB0-4798-AF4E-C060CED59548}.Debug|Any CPU.ActiveCfg = Debug|Any CPU
		{961A0333-0CB0-4798-AF4E-C060CED59548}.Debug|Any CPU.Build.0 = Debug|Any CPU
		{961A0333-0CB0-4798-AF4E-C060CED59548}.Release|Any CPU.ActiveCfg = Release|Any CPU
		{961A0333-0CB0-4798-AF4E-C060CED59548}.Release|Any CPU.Build.0 = Release|Any CPU
	EndGlobalSection
	GlobalSection(SolutionProperties) = preSolution
		HideSolutionNode = FALSE
	EndGlobalSection
	GlobalSection(ExtensibilityGlobals) = postSolution
		SolutionGuid = {FC993680-8B0C-4558-9425-C33344CB18FF}
	EndGlobalSection
EndGlobal
